
Microsoft Visual Studio Solution File, Format Version 12.00
# Visual Studio Version 17
VisualStudioVersion = 17.10.35013.160
MinimumVisualStudioVersion = 10.0.40219.1
Project("{FAE04EC0-301F-11D3-BF4B-00C04F79EFBC}") = "Day4_CSharpProblems", "Day4_CSharpProblems\Day4_CSharpProblems.csproj", "{0C26A27D-40C1-4E50-964A-161E331E306A}"
EndProject
Global
	GlobalSection(SolutionConfigurationPlatforms) = preSolution
		Debug|Any CPU = Debug|Any CPU
		Release|Any CPU = Release|Any CPU
	EndGlobalSection
	GlobalSection(ProjectConfigurationPlatforms) = postSolution
		{0C26A27D-40C1-4E50-964A-161E331E306A}.Debug|Any CPU.ActiveCfg = Debug|Any CPU
		{0C26A27D-40C1-4E50-964A-161E331E306A}.Debug|Any CPU.Build.0 = Debug|Any CPU
		{0C26A27D-40C1-4E50-964A-161E331E306A}.Release|Any CPU.ActiveCfg = Release|Any CPU
		{0C26A27D-40C1-4E50-964A-161E331E306A}.Release|Any CPU.Build.0 = Release|Any CPU
	EndGlobalSection
	GlobalSection(SolutionProperties) = preSolution
		HideSolutionNode = FALSE
	EndGlobalSection
	GlobalSection(ExtensibilityGlobals) = postSolution
		SolutionGuid = {8E80758C-6A05-4F3F-AA0E-C8D9304A44DF}
	EndGlobalSection
EndGlobal
